{
  "name": "SOLARIS CET - Quantum AI Platform",
  "short_name": "SOLARIS CET",
  "description": "The first quantum-powered AI ecosystem on blockchain. Build, deploy, and monetize high-intelligence agents with CET tokens.",
  "start_url": "/solaris-cet/",
  "display": "standalone",
  "background_color": "#05060B",
  "theme_color": "#F2C94C",
  "orientation": "portrait-primary",
  "icons": [
    {
      "src": "/solaris-cet/favicon.svg",
      "sizes": "any",
      "type": "image/svg+xml"
    }
  ],
  "categories": ["developer", "finance", "productivity", "utilities"],
  "prefer_related_applications": false
}
